
Microsoft Visual Studio Solution File, Format Version 12.00
# Visual Studio Version 16
VisualStudioVersion = 16.0.30907.101
MinimumVisualStudioVersion = 10.0.40219.1
Project("{9A19103F-16F7-4668-BE54-9A1E7A4F7556}") = "HashCodeTraffic", "HashCodeTraffic.csproj", "{2A96D598-68DE-4692-AC8D-E58FCB835806}"
EndProject
Global
	GlobalSection(SolutionConfigurationPlatforms) = preSolution
		Debug|Any CPU = Debug|Any CPU
		Release|Any CPU = Release|Any CPU
	EndGlobalSection
	GlobalSection(ProjectConfigurationPlatforms) = postSolution
		{2A96D598-68DE-4692-AC8D-E58FCB835806}.Debug|Any CPU.ActiveCfg = Debug|Any CPU
		{2A96D598-68DE-4692-AC8D-E58FCB835806}.Debug|Any CPU.Build.0 = Debug|Any CPU
		{2A96D598-68DE-4692-AC8D-E58FCB835806}.Release|Any CPU.ActiveCfg = Release|Any CPU
		{2A96D598-68DE-4692-AC8D-E58FCB835806}.Release|Any CPU.Build.0 = Release|Any CPU
	EndGlobalSection
	GlobalSection(SolutionProperties) = preSolution
		HideSolutionNode = FALSE
	EndGlobalSection
	GlobalSection(ExtensibilityGlobals) = postSolution
		SolutionGuid = {EE21B48E-266E-4E3B-B4C1-EC56EE92F871}
	EndGlobalSection
EndGlobal
